PODS:
  - AFNetworking (1.3.4)
  - AVOSCloud (7.3.2)
  - AVOSCloudCrashReporting (7.3.2):
    - AVOSCloud (= 7.3.2)
    - AVOSCloudCrashReporting/_ARC (= 7.3.2)
    - AVOSCloudCrashReporting/_NOARC (= 7.3.2)
  - AVOSCloudCrashReporting/_ARC (7.3.2):
    - AVOSCloud (= 7.3.2)
    - AVOSCloudCrashReporting/_NOARC (= 7.3.2)
  - AVOSCloudCrashReporting/_NOARC (7.3.2):
    - AVOSCloud (= 7.3.2)
  - AVOSCloudIM (7.3.2):
    - AVOSCloud (= 7.3.2)
    - AVOSCloudIM/_ARC (= 7.3.2)
    - AVOSCloudIM/_NOARC (= 7.3.2)
  - AVOSCloudIM/_ARC (7.3.2):
    - AVOSCloud (= 7.3.2)
    - AVOSCloudIM/_NOARC (= 7.3.2)
  - AVOSCloudIM/_NOARC (7.3.2):
    - AVOSCloud (= 7.3.2)
  - BEMCheckBox (1.4.1)
  - CocoaLumberjack (3.5.3):
    - CocoaLumberjack/Core (= 3.5.3)
  - CocoaLumberjack/Core (3.5.3)
  - ISO8601DateFormatterValueTransformer (0.6.1):
    - RKValueTransformers (~> 1.1.0)
  - ReachabilitySwift (3)
  - RestKit (0.26.0):
    - RestKit/Core (= 0.26.0)
  - RestKit/Core (0.26.0):
    - RestKit/CoreData
    - RestKit/Network
    - RestKit/ObjectMapping
  - RestKit/CoreData (0.26.0):
    - RestKit/ObjectMapping
  - RestKit/Network (0.26.0):
    - AFNetworking (~> 1.3.0)
    - RestKit/ObjectMapping
    - RestKit/Support
    - SOCKit
  - RestKit/ObjectMapping (0.26.0):
    - ISO8601DateFormatterValueTransformer (~> 0.6.1)
    - RestKit/Support
    - RKValueTransformers (~> 1.1.0)
  - RestKit/Support (0.26.0):
    - TransitionKit (~> 2.2)
  - RKValueTransformers (1.1.3)
  - SOCKit (1.1)
  - SVGKit (2.1.0):
    - CocoaLumberjack (~> 3.0)
  - TransitionKit (2.2.1)

DEPENDENCIES:
  - AVOSCloud
  - AVOSCloudCrashReporting
  - AVOSCloudIM
  - BEMCheckBox
  - CocoaLumberjack (~> 3.x)
  - ReachabilitySwift (~> 3)
  - RestKit (= 0.26.0)
  - SVGKit (from `https://github.com/SVGKit/SVGKit.git`, branch `2.x`)

SPEC REPOS:
  https://github.com/cocoapods/specs.git:
    - AFNetworking
    - AVOSCloud
    - AVOSCloudCrashReporting
    - AVOSCloudIM
    - BEMCheckBox
    - CocoaLumberjack
    - ISO8601DateFormatterValueTransformer
    - ReachabilitySwift
    - RestKit
    - RKValueTransformers
    - SOCKit
    - TransitionKit

EXTERNAL SOURCES:
  SVGKit:
    :branch: 2.x
    :git: https://github.com/SVGKit/SVGKit.git

CHECKOUT OPTIONS:
  SVGKit:
    :commit: 4b507e48da30711e25d1bcdd19580f25887a2267
    :git: https://github.com/SVGKit/SVGKit.git

SPEC CHECKSUMS:
  AFNetworking: cf8e418e16f0c9c7e5c3150d019a3c679d015018
  AVOSCloud: 8a18125408bac1fc73c19ceb897db4ec4e0e6044
  AVOSCloudCrashReporting: 12f4677508eac413f6c80f53bc7172b4210de1a8
  AVOSCloudIM: dc24560259042bb84dd318a31b71ca858fccb6fe
  BEMCheckBox: 5ba6e37ade3d3657b36caecc35c8b75c6c2b1a4e
  CocoaLumberjack: 2f44e60eb91c176d471fdba43b9e3eae6a721947
  ISO8601DateFormatterValueTransformer: 52da467d6ec899d6aedda8e48280ac92e8ee97e6
  ReachabilitySwift: f5b9bb30a0777fac8f09ce8b067e32faeb29bb64
  RestKit: 112fba5bd1f97598aac0db7981863d5fdc0263a2
  RKValueTransformers: e5ed67e3811229b616fe01bddeeafe3bb337b1b9
  SOCKit: c7376ac262bea9115b8f749358f762522a47d392
  SVGKit: 8a2fc74258bdb2abb54d3b65f3dd68b0277a9c4d
  TransitionKit: 9ceccda4cd0cdc0a05ef85eb235e5a3292c3c250

PODFILE CHECKSUM: 2a76a62783250c60aa310f3478a0a50d1d8b342c

COCOAPODS: 1.6.2
